# THIS IS AN AUTOGENERATED FILE. DO NOT EDIT THIS FILE DIRECTLY.
# yarn lockfile v1


filesize@^6.0.1:
  version "6.0.1"
  resolved "https://registry.yarnpkg.com/filesize/-/filesize-6.0.1.tgz#f850b509909c7c86f7e450ea19006c31c2ed3d2f"
  integrity sha512-u4AYWPgbI5GBhs6id1KdImZWn5yfyFrrQ8OWZdN7ZMfA8Bf4HcO0BGo9bmUIEV8yrp8I1xVfJ/dn90GtFNNJcg==
